{
  "name": "traskin-stream-alerts",
  "version": "1.0.0",
  "lockfileVersion": 3,
  "requires": true,
  "packages": {
    "": {
      "name": "traskin-stream-alerts",
      "version": "1.0.0",
      "dependencies": {
        "@traskin/twitch-tools-js": "^1.1.3"
      }
    },
    "node_modules/@traskin/twitch-tools-js": {
      "version": "1.1.3",
      "resolved": "https://registry.npmjs.org/@traskin/twitch-tools-js/-/twitch-tools-js-1.1.3.tgz",
      "integrity": "sha512-XZPM1VpTochI4e+ZzWVpelewCplDF2u+/o99SYwbqVrOnXx614GUyDNsow/EKbJxgINV/rDZQ5xewvF/rr+1Pw=="
    }
  }
}
