{
  "name": "traskin-stream-alerts",
  "version": "1.0.0",
  "lockfileVersion": 3,
  "requires": true,
  "packages": {
    "": {
      "name": "traskin-stream-alerts",
      "version": "1.0.0",
      "dependencies": {
        "@traskin/twitch-tools-js": "^1.0.2"
      }
    },
    "node_modules/@traskin/twitch-tools-js": {
      "version": "1.0.5",
      "resolved": "https://registry.npmjs.org/@traskin/twitch-tools-js/-/twitch-tools-js-1.0.5.tgz",
      "integrity": "sha512-djJ1uipXukCfmbq2Z2Mwwq82vFul5RWam/YbfG1+J2xq96fHrihy2pbyH3aYal+OzqjObswyzK1YDOJX7Qx8wA=="
    }
  }
}
