{
  "name": "traskin-stream-alerts",
  "version": "1.0.0",
  "lockfileVersion": 3,
  "requires": true,
  "packages": {
    "": {
      "name": "traskin-stream-alerts",
      "version": "1.0.0",
      "dependencies": {
        "@traskin/twitch-tools-js": "^1.0.0"
      }
    },
    "node_modules/@traskin/twitch-tools-js": {
      "version": "1.0.0",
      "resolved": "https://registry.npmjs.org/@traskin/twitch-tools-js/-/twitch-tools-js-1.0.0.tgz",
      "integrity": "sha512-mrem53SI3xjkLI0vY6DPu/1M0jiB2K6jHb68OqfaDY0YIdUwgKhNmTuywz9n3vv55RYJ1bSgFsxh0DeUEToX/Q=="
    }
  }
}
